
Microsoft Visual Studio Solution File, Format Version 12.00
# Visual Studio Version 17
VisualStudioVersion = 17.5.33627.172
MinimumVisualStudioVersion = 10.0.40219.1
Project("{FAE04EC0-301F-11D3-BF4B-00C04F79EFBC}") = "mvcAlmond", "mvcAlmond\mvcAlmond.csproj", "{379D4B05-6C54-4047-A4DC-60EF6BF80446}"
EndProject
Project("{FAE04EC0-301F-11D3-BF4B-00C04F79EFBC}") = "EntityLayer", "EntityLayer\EntityLayer.csproj", "{383E8FBB-2766-43B8-A49F-A2DEAE12F243}"
EndProject
Project("{FAE04EC0-301F-11D3-BF4B-00C04F79EFBC}") = "DataAccsessLayer", "DataAccsessLayer\DataAccsessLayer.csproj", "{B94D1F8A-B187-4DBD-BE77-E743FA8CCF86}"
EndProject
Project("{FAE04EC0-301F-11D3-BF4B-00C04F79EFBC}") = "BusinessLayer", "BusinessLayer\BusinessLayer.csproj", "{80DB320F-76D5-4E9D-BF1C-EBED4849F426}"
EndProject
Global
	GlobalSection(SolutionConfigurationPlatforms) = preSolution
		Debug|Any CPU = Debug|Any CPU
		Release|Any CPU = Release|Any CPU
	EndGlobalSection
	GlobalSection(ProjectConfigurationPlatforms) = postSolution
		{379D4B05-6C54-4047-A4DC-60EF6BF80446}.Debug|Any CPU.ActiveCfg = Debug|Any CPU
		{379D4B05-6C54-4047-A4DC-60EF6BF80446}.Debug|Any CPU.Build.0 = Debug|Any CPU
		{379D4B05-6C54-4047-A4DC-60EF6BF80446}.Release|Any CPU.ActiveCfg = Release|Any CPU
		{379D4B05-6C54-4047-A4DC-60EF6BF80446}.Release|Any CPU.Build.0 = Release|Any CPU
		{383E8FBB-2766-43B8-A49F-A2DEAE12F243}.Debug|Any CPU.ActiveCfg = Debug|Any CPU
		{383E8FBB-2766-43B8-A49F-A2DEAE12F243}.Debug|Any CPU.Build.0 = Debug|Any CPU
		{383E8FBB-2766-43B8-A49F-A2DEAE12F243}.Release|Any CPU.ActiveCfg = Release|Any CPU
		{383E8FBB-2766-43B8-A49F-A2DEAE12F243}.Release|Any CPU.Build.0 = Release|Any CPU
		{B94D1F8A-B187-4DBD-BE77-E743FA8CCF86}.Debug|Any CPU.ActiveCfg = Debug|Any CPU
		{B94D1F8A-B187-4DBD-BE77-E743FA8CCF86}.Debug|Any CPU.Build.0 = Debug|Any CPU
		{B94D1F8A-B187-4DBD-BE77-E743FA8CCF86}.Release|Any CPU.ActiveCfg = Release|Any CPU
		{B94D1F8A-B187-4DBD-BE77-E743FA8CCF86}.Release|Any CPU.Build.0 = Release|Any CPU
		{80DB320F-76D5-4E9D-BF1C-EBED4849F426}.Debug|Any CPU.ActiveCfg = Debug|Any CPU
		{80DB320F-76D5-4E9D-BF1C-EBED4849F426}.Debug|Any CPU.Build.0 = Debug|Any CPU
		{80DB320F-76D5-4E9D-BF1C-EBED4849F426}.Release|Any CPU.ActiveCfg = Release|Any CPU
		{80DB320F-76D5-4E9D-BF1C-EBED4849F426}.Release|Any CPU.Build.0 = Release|Any CPU
	EndGlobalSection
	GlobalSection(SolutionProperties) = preSolution
		HideSolutionNode = FALSE
	EndGlobalSection
	GlobalSection(ExtensibilityGlobals) = postSolution
		SolutionGuid = {5211ABBC-7CC0-4308-824A-B249197A8659}
	EndGlobalSection
EndGlobal
